{
  "name": "@fresh-fx59/serpens-sdd",
  "version": "1.20260924.1",
  "lockfileVersion": 3,
  "requires": true,
  "packages": {
    "": {
      "name": "@fresh-fx59/serpens-sdd",
      "version": "1.20260924.1",
      "bin": {
        "serpens-sdd": "bin/serpens-sdd.mjs"
      },
      "engines": {
        "node": ">=18"
      }
    }
  }
}
